// !$*UTF8*$!
{
	archiveVersion = 1;
	classes = {
	};
	objectVersion = 56;
	objects = {

/* Begin PBXBuildFile section */
		657A9FCD2C148E0900622E58 /* TunnelExampleIosApp.swift in Sources */ = {isa = PBXBuildFile; fileRef = 657A9FCC2C148E0900622E58 /* TunnelExampleIosApp.swift */; };
		657A9FCF2C148E0900622E58 /* ContentView.swift in Sources */ = {isa = PBXBuildFile; fileRef = 657A9FCE2C148E0900622E58 /* ContentView.swift */; };
		657A9FD12C148E0A00622E58 /* Assets.xcassets in Resources */ = {isa = PBXBuildFile; fileRef = 657A9FD02C148E0A00622E58 /* Assets.xcassets */; };
		657A9FD42C148E0A00622E58 /* Preview Assets.xcassets in Resources */ = {isa = PBXBuildFile; fileRef = 657A9FD32C148E0A00622E58 /* Preview Assets.xcassets */; };
		657A9FE12C148E2300622E58 /* NetworkExtension.framework in Frameworks */ = {isa = PBXBuildFile; fileRef = 657A9FE02C148E2300622E58 /* NetworkExtension.framework */; };
		657A9FE42C148E2300622E58 /* PacketTunnelProvider.swift in Sources */ = {isa = PBXBuildFile; fileRef = 657A9FE32C148E2300622E58 /* PacketTunnelProvider.swift */; };
		657A9FE92C148E2300622E58 /* TunnelExampleNetworkExtension.appex in Embed Foundation Extensions */ = {isa = PBXBuildFile; fileRef = 657A9FDE2C148E2300622E58 /* TunnelExampleNetworkExtension.appex */; settings = {ATTRIBUTES = (RemoveHeadersOnCopy, ); }; };
/* End PBXBuildFile section */

/* Begin PBXContainerItemProxy section */
		657A9FE72C148E2300622E58 /* PBXContainerItemProxy */ = {
			isa = PBXContainerItemProxy;
			containerPortal = 657A9FC12C148E0900622E58 /* Project object */;
			proxyType = 1;
			remoteGlobalIDString = 657A9FDD2C148E2300622E58;
			remoteInfo = TunnelExampleNetworkExtension;
		};
/* End PBXContainerItemProxy section */

/* Begin PBXCopyFilesBuildPhase section */
		657A9FED2C148E2300622E58 /* Embed Foundation Extensions */ = {
			isa = PBXCopyFilesBuildPhase;
			buildActionMask = 2147483647;
			dstPath = "";
			dstSubfolderSpec = 13;
			files = (
				657A9FE92C148E2300622E58 /* TunnelExampleNetworkExtension.appex in Embed Foundation Extensions */,
			);
			name = "Embed Foundation Extensions";
			runOnlyForDeploymentPostprocessing = 0;
		};
/* End PBXCopyFilesBuildPhase section */

/* Begin PBXFileReference section */
		657A9FC92C148E0900622E58 /* TunnelExampleIos.app */ = {isa = PBXFileReference; explicitFileType = wrapper.application; includeInIndex = 0; path = TunnelExampleIos.app; sourceTree = BUILT_PRODUCTS_DIR; };
		657A9FCC2C148E0900622E58 /* TunnelExampleIosApp.swift */ = {isa = PBXFileReference; lastKnownFileType = sourcecode.swift; path = TunnelExampleIosApp.swift; sourceTree = "<group>"; };
		657A9FCE2C148E0900622E58 /* ContentView.swift */ = {isa = PBXFileReference; lastKnownFileType = sourcecode.swift; path = ContentView.swift; sourceTree = "<group>"; };
		657A9FD02C148E0A00622E58 /* Assets.xcassets */ = {isa = PBXFileReference; lastKnownFileType = folder.assetcatalog; path = Assets.xcassets; sourceTree = "<group>"; };
		657A9FD32C148E0A00622E58 /* Preview Assets.xcassets */ = {isa = PBXFileReference; lastKnownFileType = folder.assetcatalog; path = "Preview Assets.xcassets"; sourceTree = "<group>"; };
		657A9FDE2C148E2300622E58 /* TunnelExampleNetworkExtension.appex */ = {isa = PBXFileReference; explicitFileType = "wrapper.app-extension"; includeInIndex = 0; path = TunnelExampleNetworkExtension.appex; sourceTree = BUILT_PRODUCTS_DIR; };
		657A9FE02C148E2300622E58 /* NetworkExtension.framework */ = {isa = PBXFileReference; lastKnownFileType = wrapper.framework; name = NetworkExtension.framework; path = System/Library/Frameworks/NetworkExtension.framework; sourceTree = SDKROOT; };
		657A9FE32C148E2300622E58 /* PacketTunnelProvider.swift */ = {isa = PBXFileReference; lastKnownFileType = sourcecode.swift; path = PacketTunnelProvider.swift; sourceTree = "<group>"; };
		657A9FE52C148E2300622E58 /* Info.plist */ = {isa = PBXFileReference; lastKnownFileType = text.plist.xml; path = Info.plist; sourceTree = "<group>"; };
		657A9FE62C148E2300622E58 /* TunnelExampleNetworkExtension.entitlements */ = {isa = PBXFileReference; lastKnownFileType = text.plist.entitlements; path = TunnelExampleNetworkExtension.entitlements; sourceTree = "<group>"; };
		657A9FEE2C1497FA00622E58 /* TunnelExampleIos.entitlements */ = {isa = PBXFileReference; lastKnownFileType = text.plist.entitlements; path = TunnelExampleIos.entitlements; sourceTree = "<group>"; };
/* End PBXFileReference section */

/* Begin PBXFrameworksBuildPhase section */
		657A9FC62C148E0900622E58 /* Frameworks */ = {
			isa = PBXFrameworksBuildPhase;
			buildActionMask = 2147483647;
			files = (
			);
			runOnlyForDeploymentPostprocessing = 0;
		};
		657A9FDB2C148E2300622E58 /* Frameworks */ = {
			isa = PBXFrameworksBuildPhase;
			buildActionMask = 2147483647;
			files = (
				657A9FE12C148E2300622E58 /* NetworkExtension.framework in Frameworks */,
			);
			runOnlyForDeploymentPostprocessing = 0;
		};
/* End PBXFrameworksBuildPhase section */

/* Begin PBXGroup section */
		657A9FC02C148E0900622E58 = {
			isa = PBXGroup;
			children = (
				657A9FCB2C148E0900622E58 /* TunnelExampleIos */,
				657A9FE22C148E2300622E58 /* TunnelExampleNetworkExtension */,
				657A9FDF2C148E2300622E58 /* Frameworks */,
				657A9FCA2C148E0900622E58 /* Products */,
			);
			sourceTree = "<group>";
		};
		657A9FCA2C148E0900622E58 /* Products */ = {
			isa = PBXGroup;
			children = (
				657A9FC92C148E0900622E58 /* TunnelExampleIos.app */,
				657A9FDE2C148E2300622E58 /* TunnelExampleNetworkExtension.appex */,
			);
			name = Products;
			sourceTree = "<group>";
		};
		657A9FCB2C148E0900622E58 /* TunnelExampleIos */ = {
			isa = PBXGroup;
			children = (
				657A9FEE2C1497FA00622E58 /* TunnelExampleIos.entitlements */,
				657A9FCC2C148E0900622E58 /* TunnelExampleIosApp.swift */,
				657A9FCE2C148E0900622E58 /* ContentView.swift */,
				657A9FD02C148E0A00622E58 /* Assets.xcassets */,
				657A9FD22C148E0A00622E58 /* Preview Content */,
			);
			path = TunnelExampleIos;
			sourceTree = "<group>";
		};
		657A9FD22C148E0A00622E58 /* Preview Content */ = {
			isa = PBXGroup;
			children = (
				657A9FD32C148E0A00622E58 /* Preview Assets.xcassets */,
			);
			path = "Preview Content";
			sourceTree = "<group>";
		};
		657A9FDF2C148E2300622E58 /* Frameworks */ = {
			isa = PBXGroup;
			children = (
				657A9FE02C148E2300622E58 /* NetworkExtension.framework */,
			);
			name = Frameworks;
			sourceTree = "<group>";
		};
		657A9FE22C148E2300622E58 /* TunnelExampleNetworkExtension */ = {
			isa = PBXGroup;
			children = (
				657A9FE32C148E2300622E58 /* PacketTunnelProvider.swift */,
				657A9FE52C148E2300622E58 /* Info.plist */,
				657A9FE62C148E2300622E58 /* TunnelExampleNetworkExtension.entitlements */,
			);
			path = TunnelExampleNetworkExtension;
			sourceTree = "<group>";
		};
/* End PBXGroup section */

/* Begin PBXNativeTarget section */
		657A9FC82C148E0900622E58 /* TunnelExampleIos */ = {
			isa = PBXNativeTarget;
			buildConfigurationList = 657A9FD72C148E0A00622E58 /* Build configuration list for PBXNativeTarget "TunnelExampleIos" */;
			buildPhases = (
				657A9FC52C148E0900622E58 /* Sources */,
				657A9FC62C148E0900622E58 /* Frameworks */,
				657A9FC72C148E0900622E58 /* Resources */,
				657A9FED2C148E2300622E58 /* Embed Foundation Extensions */,
			);
			buildRules = (
			);
			dependencies = (
				657A9FE82C148E2300622E58 /* PBXTargetDependency */,
			);
			name = TunnelExampleIos;
			productName = TunnelExampleIos;
			productReference = 657A9FC92C148E0900622E58 /* TunnelExampleIos.app */;
			productType = "com.apple.product-type.application";
		};
		657A9FDD2C148E2300622E58 /* TunnelExampleNetworkExtension */ = {
			isa = PBXNativeTarget;
			buildConfigurationList = 657A9FEA2C148E2300622E58 /* Build configuration list for PBXNativeTarget "TunnelExampleNetworkExtension" */;
			buildPhases = (
				657A9FDA2C148E2300622E58 /* Sources */,
				657A9FDB2C148E2300622E58 /* Frameworks */,
				657A9FDC2C148E2300622E58 /* Resources */,
			);
			buildRules = (
			);
			dependencies = (
			);
			name = TunnelExampleNetworkExtension;
			productName = TunnelExampleNetworkExtension;
			productReference = 657A9FDE2C148E2300622E58 /* TunnelExampleNetworkExtension.appex */;
			productType = "com.apple.product-type.app-extension";
		};
/* End PBXNativeTarget section */

/* Begin PBXProject section */
		657A9FC12C148E0900622E58 /* Project object */ = {
			isa = PBXProject;
			attributes = {
				BuildIndependentTargetsInParallel = 1;
				LastSwiftUpdateCheck = 1540;
				LastUpgradeCheck = 1540;
				TargetAttributes = {
					657A9FC82C148E0900622E58 = {
						CreatedOnToolsVersion = 15.4;
					};
					657A9FDD2C148E2300622E58 = {
						CreatedOnToolsVersion = 15.4;
					};
				};
			};
			buildConfigurationList = 657A9FC42C148E0900622E58 /* Build configuration list for PBXProject "TunnelExampleIos" */;
			compatibilityVersion = "Xcode 14.0";
			developmentRegion = en;
			hasScannedForEncodings = 0;
			knownRegions = (
				en,
				Base,
			);
			mainGroup = 657A9FC02C148E0900622E58;
			productRefGroup = 657A9FCA2C148E0900622E58 /* Products */;
			projectDirPath = "";
			projectRoot = "";
			targets = (
				657A9FC82C148E0900622E58 /* TunnelExampleIos */,
				657A9FDD2C148E2300622E58 /* TunnelExampleNetworkExtension */,
			);
		};
/* End PBXProject section */

/* Begin PBXResourcesBuildPhase section */
		657A9FC72C148E0900622E58 /* Resources */ = {
			isa = PBXResourcesBuildPhase;
			buildActionMask = 2147483647;
			files = (
				657A9FD42C148E0A00622E58 /* Preview Assets.xcassets in Resources */,
				657A9FD12C148E0A00622E58 /* Assets.xcassets in Resources */,
			);
			runOnlyForDeploymentPostprocessing = 0;
		};
		657A9FDC2C148E2300622E58 /* Resources */ = {
			isa = PBXResourcesBuildPhase;
			buildActionMask = 2147483647;
			files = (
			);
			runOnlyForDeploymentPostprocessing = 0;
		};
/* End PBXResourcesBuildPhase section */

/* Begin PBXSourcesBuildPhase section */
		657A9FC52C148E0900622E58 /* Sources */ = {
			isa = PBXSourcesBuildPhase;
			buildActionMask = 2147483647;
			files = (
				657A9FCF2C148E0900622E58 /* ContentView.swift in Sources */,
				657A9FCD2C148E0900622E58 /* TunnelExampleIosApp.swift in Sources */,
			);
			runOnlyForDeploymentPostprocessing = 0;
		};
		657A9FDA2C148E2300622E58 /* Sources */ = {
			isa = PBXSourcesBuildPhase;
			buildActionMask = 2147483647;
			files = (
				657A9FE42C148E2300622E58 /* PacketTunnelProvider.swift in Sources */,
			);
			runOnlyForDeploymentPostprocessing = 0;
		};
/* End PBXSourcesBuildPhase section */

/* Begin PBXTargetDependency section */
		657A9FE82C148E2300622E58 /* PBXTargetDependency */ = {
			isa = PBXTargetDependency;
			target = 657A9FDD2C148E2300622E58 /* TunnelExampleNetworkExtension */;
			targetProxy = 657A9FE72C148E2300622E58 /* PBXContainerItemProxy */;
		};
/* End PBXTargetDependency section */

/* Begin XCBuildConfiguration section */
		657A9FD52C148E0A00622E58 /* Debug */ = {
			isa = XCBuildConfiguration;
			buildSettings = {
				ALWAYS_SEARCH_USER_PATHS = NO;
				ASSETCATALOG_COMPILER_GENERATE_SWIFT_ASSET_SYMBOL_EXTENSIONS = YES;
				CLANG_ANALYZER_NONNULL = YES;
				CLANG_ANALYZER_NUMBER_OBJECT_CONVERSION = YES_AGGRESSIVE;
				CLANG_CXX_LANGUAGE_STANDARD = "gnu++20";
				CLANG_ENABLE_MODULES = YES;
				CLANG_ENABLE_OBJC_ARC = YES;
				CLANG_ENABLE_OBJC_WEAK = YES;
				CLANG_WARN_BLOCK_CAPTURE_AUTORELEASING = YES;
				CLANG_WARN_BOOL_CONVERSION = YES;
				CLANG_WARN_COMMA = YES;
				CLANG_WARN_CONSTANT_CONVERSION = YES;
				CLANG_WARN_DEPRECATED_OBJC_IMPLEMENTATIONS = YES;
				CLANG_WARN_DIRECT_OBJC_ISA_USAGE = YES_ERROR;
				CLANG_WARN_DOCUMENTATION_COMMENTS = YES;
				CLANG_WARN_EMPTY_BODY = YES;
				CLANG_WARN_ENUM_CONVERSION = YES;
				CLANG_WARN_INFINITE_RECURSION = YES;
				CLANG_WARN_INT_CONVERSION = YES;
				CLANG_WARN_NON_LITERAL_NULL_CONVERSION = YES;
				CLANG_WARN_OBJC_IMPLICIT_RETAIN_SELF = YES;
				CLANG_WARN_OBJC_LITERAL_CONVERSION = YES;
				CLANG_WARN_OBJC_ROOT_CLASS = YES_ERROR;
				CLANG_WARN_QUOTED_INCLUDE_IN_FRAMEWORK_HEADER = YES;
				CLANG_WARN_RANGE_LOOP_ANALYSIS = YES;
				CLANG_WARN_STRICT_PROTOTYPES = YES;
				CLANG_WARN_SUSPICIOUS_MOVE = YES;
				CLANG_WARN_UNGUARDED_AVAILABILITY = YES_AGGRESSIVE;
				CLANG_WARN_UNREACHABLE_CODE = YES;
				CLANG_WARN__DUPLICATE_METHOD_MATCH = YES;
				COPY_PHASE_STRIP = NO;
				DEBUG_INFORMATION_FORMAT = dwarf;
				ENABLE_STRICT_OBJC_MSGSEND = YES;
				ENABLE_TESTABILITY = YES;
				ENABLE_USER_SCRIPT_SANDBOXING = YES;
				GCC_C_LANGUAGE_STANDARD = gnu17;
				GCC_DYNAMIC_NO_PIC = NO;
				GCC_NO_COMMON_BLOCKS = YES;
				GCC_OPTIMIZATION_LEVEL = 0;
				GCC_PREPROCESSOR_DEFINITIONS = (
					"DEBUG=1",
					"$(inherited)",
				);
				GCC_WARN_64_TO_32_BIT_CONVERSION = YES;
				GCC_WARN_ABOUT_RETURN_TYPE = YES_ERROR;
				GCC_WARN_UNDECLARED_SELECTOR = YES;
				GCC_WARN_UNINITIALIZED_AUTOS = YES_AGGRESSIVE;
				GCC_WARN_UNUSED_FUNCTION = YES;
				GCC_WARN_UNUSED_VARIABLE = YES;
				IPHONEOS_DEPLOYMENT_TARGET = 17.5;
				LOCALIZATION_PREFERS_STRING_CATALOGS = YES;
				MTL_ENABLE_DEBUG_INFO = INCLUDE_SOURCE;
				MTL_FAST_MATH = YES;
				ONLY_ACTIVE_ARCH = YES;
				SDKROOT = iphoneos;
				SWIFT_ACTIVE_COMPILATION_CONDITIONS = "DEBUG $(inherited)";
				SWIFT_OPTIMIZATION_LEVEL = "-Onone";
			};
			name = Debug;
		};
		657A9FD62C148E0A00622E58 /* Release */ = {
			isa = XCBuildConfiguration;
			buildSettings = {
				ALWAYS_SEARCH_USER_PATHS = NO;
				ASSETCATALOG_COMPILER_GENERATE_SWIFT_ASSET_SYMBOL_EXTENSIONS = YES;
				CLANG_ANALYZER_NONNULL = YES;
				CLANG_ANALYZER_NUMBER_OBJECT_CONVERSION = YES_AGGRESSIVE;
				CLANG_CXX_LANGUAGE_STANDARD = "gnu++20";
				CLANG_ENABLE_MODULES = YES;
				CLANG_ENABLE_OBJC_ARC = YES;
				CLANG_ENABLE_OBJC_WEAK = YES;
				CLANG_WARN_BLOCK_CAPTURE_AUTORELEASING = YES;
				CLANG_WARN_BOOL_CONVERSION = YES;
				CLANG_WARN_COMMA = YES;
				CLANG_WARN_CONSTANT_CONVERSION = YES;
				CLANG_WARN_DEPRECATED_OBJC_IMPLEMENTATIONS = YES;
				CLANG_WARN_DIRECT_OBJC_ISA_USAGE = YES_ERROR;
				CLANG_WARN_DOCUMENTATION_COMMENTS = YES;
				CLANG_WARN_EMPTY_BODY = YES;
				CLANG_WARN_ENUM_CONVERSION = YES;
				CLANG_WARN_INFINITE_RECURSION = YES;
				CLANG_WARN_INT_CONVERSION = YES;
				CLANG_WARN_NON_LITERAL_NULL_CONVERSION = YES;
				CLANG_WARN_OBJC_IMPLICIT_RETAIN_SELF = YES;
				CLANG_WARN_OBJC_LITERAL_CONVERSION = YES;
				CLANG_WARN_OBJC_ROOT_CLASS = YES_ERROR;
				CLANG_WARN_QUOTED_INCLUDE_IN_FRAMEWORK_HEADER = YES;
				CLANG_WARN_RANGE_LOOP_ANALYSIS = YES;
				CLANG_WARN_STRICT_PROTOTYPES = YES;
				CLANG_WARN_SUSPICIOUS_MOVE = YES;
				CLANG_WARN_UNGUARDED_AVAILABILITY = YES_AGGRESSIVE;
				CLANG_WARN_UNREACHABLE_CODE = YES;
				CLANG_WARN__DUPLICATE_METHOD_MATCH = YES;
				COPY_PHASE_STRIP = NO;
				DEBUG_INFORMATION_FORMAT = "dwarf-with-dsym";
				ENABLE_NS_ASSERTIONS = NO;
				ENABLE_STRICT_OBJC_MSGSEND = YES;
				ENABLE_USER_SCRIPT_SANDBOXING = YES;
				GCC_C_LANGUAGE_STANDARD = gnu17;
				GCC_NO_COMMON_BLOCKS = YES;
				GCC_WARN_64_TO_32_BIT_CONVERSION = YES;
				GCC_WARN_ABOUT_RETURN_TYPE = YES_ERROR;
				GCC_WARN_UNDECLARED_SELECTOR = YES;
				GCC_WARN_UNINITIALIZED_AUTOS = YES_AGGRESSIVE;
				GCC_WARN_UNUSED_FUNCTION = YES;
				GCC_WARN_UNUSED_VARIABLE = YES;
				IPHONEOS_DEPLOYMENT_TARGET = 17.5;
				LOCALIZATION_PREFERS_STRING_CATALOGS = YES;
				MTL_ENABLE_DEBUG_INFO = NO;
				MTL_FAST_MATH = YES;
				SDKROOT = iphoneos;
				SWIFT_COMPILATION_MODE = wholemodule;
				VALIDATE_PRODUCT = YES;
			};
			name = Release;
		};
		657A9FD82C148E0A00622E58 /* Debug */ = {
			isa = XCBuildConfiguration;
			buildSettings = {
				ALWAYS_EMBED_SWIFT_STANDARD_LIBRARIES = YES;
				ASSETCATALOG_COMPILER_APPICON_NAME = AppIcon;
				ASSETCATALOG_COMPILER_GLOBAL_ACCENT_COLOR_NAME = AccentColor;
				CODE_SIGN_ENTITLEMENTS = TunnelExampleIos/TunnelExampleIos.entitlements;
				CODE_SIGN_STYLE = Automatic;
				CURRENT_PROJECT_VERSION = 1;
				DEVELOPMENT_ASSET_PATHS = "\"TunnelExampleIos/Preview Content\"";
				DEVELOPMENT_TEAM = "";
				ENABLE_PREVIEWS = YES;
				GENERATE_INFOPLIST_FILE = YES;
				INFOPLIST_KEY_UIApplicationSceneManifest_Generation = YES;
				INFOPLIST_KEY_UIApplicationSupportsIndirectInputEvents = YES;
				INFOPLIST_KEY_UILaunchScreen_Generation = YES;
				INFOPLIST_KEY_UISupportedInterfaceOrientations_iPad = "UIInterfaceOrientationPortrait UIInterfaceOrientationPortraitUpsideDown UIInterfaceOrientationLandscapeLeft UIInterfaceOrientationLandscapeRight";
				INFOPLIST_KEY_UISupportedInterfaceOrientations_iPhone = "UIInterfaceOrientationPortrait UIInterfaceOrientationLandscapeLeft UIInterfaceOrientationLandscapeRight";
				IPHONEOS_DEPLOYMENT_TARGET = 15.1;
				LD_RUNPATH_SEARCH_PATHS = (
					"$(inherited)",
					"@executable_path/Frameworks",
				);
				MARKETING_VERSION = 1.0;
				PRODUCT_BUNDLE_IDENTIFIER = com.example.TunnelExampleIos;
				PRODUCT_NAME = "$(TARGET_NAME)";
				SWIFT_EMIT_LOC_STRINGS = YES;
				SWIFT_VERSION = 5.0;
				TARGETED_DEVICE_FAMILY = "1,2";
			};
			name = Debug;
		};
		657A9FD92C148E0A00622E58 /* Release */ = {
			isa = XCBuildConfiguration;
			buildSettings = {
				ALWAYS_EMBED_SWIFT_STANDARD_LIBRARIES = YES;
				ASSETCATALOG_COMPILER_APPICON_NAME = AppIcon;
				ASSETCATALOG_COMPILER_GLOBAL_ACCENT_COLOR_NAME = AccentColor;
				CODE_SIGN_ENTITLEMENTS = TunnelExampleIos/TunnelExampleIos.entitlements;
				CODE_SIGN_STYLE = Automatic;
				CURRENT_PROJECT_VERSION = 1;
				DEVELOPMENT_ASSET_PATHS = "\"TunnelExampleIos/Preview Content\"";
				DEVELOPMENT_TEAM = "";
				ENABLE_PREVIEWS = YES;
				GENERATE_INFOPLIST_FILE = YES;
				INFOPLIST_KEY_UIApplicationSceneManifest_Generation = YES;
				INFOPLIST_KEY_UIApplicationSupportsIndirectInputEvents = YES;
				INFOPLIST_KEY_UILaunchScreen_Generation = YES;
				INFOPLIST_KEY_UISupportedInterfaceOrientations_iPad = "UIInterfaceOrientationPortrait UIInterfaceOrientationPortraitUpsideDown UIInterfaceOrientationLandscapeLeft UIInterfaceOrientationLandscapeRight";
				INFOPLIST_KEY_UISupportedInterfaceOrientations_iPhone = "UIInterfaceOrientationPortrait UIInterfaceOrientationLandscapeLeft UIInterfaceOrientationLandscapeRight";
				IPHONEOS_DEPLOYMENT_TARGET = 15.1;
				LD_RUNPATH_SEARCH_PATHS = (
					"$(inherited)",
					"@executable_path/Frameworks",
				);
				MARKETING_VERSION = 1.0;
				PRODUCT_BUNDLE_IDENTIFIER = com.example.TunnelExampleIos;
				PRODUCT_NAME = "$(TARGET_NAME)";
				SWIFT_EMIT_LOC_STRINGS = YES;
				SWIFT_VERSION = 5.0;
				TARGETED_DEVICE_FAMILY = "1,2";
			};
			name = Release;
		};
		657A9FEB2C148E2300622E58 /* Debug */ = {
			isa = XCBuildConfiguration;
			buildSettings = {
				CODE_SIGN_ENTITLEMENTS = TunnelExampleNetworkExtension/TunnelExampleNetworkExtension.entitlements;
				CODE_SIGN_STYLE = Automatic;
				CURRENT_PROJECT_VERSION = 1;
				GENERATE_INFOPLIST_FILE = YES;
				INFOPLIST_FILE = TunnelExampleNetworkExtension/Info.plist;
				INFOPLIST_KEY_CFBundleDisplayName = TunnelExampleNetworkExtension;
				INFOPLIST_KEY_NSHumanReadableCopyright = "";
				IPHONEOS_DEPLOYMENT_TARGET = 15.1;
				LD_RUNPATH_SEARCH_PATHS = (
					"$(inherited)",
					"@executable_path/Frameworks",
					"@executable_path/../../Frameworks",
				);
				MARKETING_VERSION = 1.0;
				PRODUCT_BUNDLE_IDENTIFIER = com.example.TunnelExampleIos.TunnelExampleNetworkExtension;
				PRODUCT_NAME = "$(TARGET_NAME)";
				SKIP_INSTALL = YES;
				SWIFT_EMIT_LOC_STRINGS = YES;
				SWIFT_VERSION = 5.0;
				TARGETED_DEVICE_FAMILY = "1,2";
			};
			name = Debug;
		};
		657A9FEC2C148E2300622E58 /* Release */ = {
			isa = XCBuildConfiguration;
			buildSettings = {
				CODE_SIGN_ENTITLEMENTS = TunnelExampleNetworkExtension/TunnelExampleNetworkExtension.entitlements;
				CODE_SIGN_STYLE = Automatic;
				CURRENT_PROJECT_VERSION = 1;
				GENERATE_INFOPLIST_FILE = YES;
				INFOPLIST_FILE = TunnelExampleNetworkExtension/Info.plist;
				INFOPLIST_KEY_CFBundleDisplayName = TunnelExampleNetworkExtension;
				INFOPLIST_KEY_NSHumanReadableCopyright = "";
				IPHONEOS_DEPLOYMENT_TARGET = 15.1;
				LD_RUNPATH_SEARCH_PATHS = (
					"$(inherited)",
					"@executable_path/Frameworks",
					"@executable_path/../../Frameworks",
				);
				MARKETING_VERSION = 1.0;
				PRODUCT_BUNDLE_IDENTIFIER = com.example.TunnelExampleIos.TunnelExampleNetworkExtension;
				PRODUCT_NAME = "$(TARGET_NAME)";
				SKIP_INSTALL = YES;
				SWIFT_EMIT_LOC_STRINGS = YES;
				SWIFT_VERSION = 5.0;
				TARGETED_DEVICE_FAMILY = "1,2";
			};
			name = Release;
		};
/* End XCBuildConfiguration section */

/* Begin XCConfigurationList section */
		657A9FC42C148E0900622E58 /* Build configuration list for PBXProject "TunnelExampleIos" */ = {
			isa = XCConfigurationList;
			buildConfigurations = (
				657A9FD52C148E0A00622E58 /* Debug */,
				657A9FD62C148E0A00622E58 /* Release */,
			);
			defaultConfigurationIsVisible = 0;
			defaultConfigurationName = Release;
		};
		657A9FD72C148E0A00622E58 /* Build configuration list for PBXNativeTarget "TunnelExampleIos" */ = {
			isa = XCConfigurationList;
			buildConfigurations = (
				657A9FD82C148E0A00622E58 /* Debug */,
				657A9FD92C148E0A00622E58 /* Release */,
			);
			defaultConfigurationIsVisible = 0;
			defaultConfigurationName = Release;
		};
		657A9FEA2C148E2300622E58 /* Build configuration list for PBXNativeTarget "TunnelExampleNetworkExtension" */ = {
			isa = XCConfigurationList;
			buildConfigurations = (
				657A9FEB2C148E2300622E58 /* Debug */,
				657A9FEC2C148E2300622E58 /* Release */,
			);
			defaultConfigurationIsVisible = 0;
			defaultConfigurationName = Release;
		};
/* End XCConfigurationList section */
	};
	rootObject = 657A9FC12C148E0900622E58 /* Project object */;
}
